
Microsoft Visual Studio Solution File, Format Version 12.00
# Visual Studio Version 17
VisualStudioVersion = 17.3.32929.385
MinimumVisualStudioVersion = 10.0.40219.1
Project("{FAE04EC0-301F-11D3-BF4B-00C04F79EFBC}") = "Random-Password-Generator", "RPG\Random-Password-Generator.csproj", "{58D42ADC-EA55-4C35-91C9-CC95EF2E0F62}"
EndProject
Global
	GlobalSection(SolutionConfigurationPlatforms) = preSolution
		Debug|Any CPU = Debug|Any CPU
		Release|Any CPU = Release|Any CPU
	EndGlobalSection
	GlobalSection(ProjectConfigurationPlatforms) = postSolution
		{58D42ADC-EA55-4C35-91C9-CC95EF2E0F62}.Debug|Any CPU.ActiveCfg = Debug|Any CPU
		{58D42ADC-EA55-4C35-91C9-CC95EF2E0F62}.Debug|Any CPU.Build.0 = Debug|Any CPU
		{58D42ADC-EA55-4C35-91C9-CC95EF2E0F62}.Release|Any CPU.ActiveCfg = Release|Any CPU
		{58D42ADC-EA55-4C35-91C9-CC95EF2E0F62}.Release|Any CPU.Build.0 = Release|Any CPU
	EndGlobalSection
	GlobalSection(SolutionProperties) = preSolution
		HideSolutionNode = FALSE
	EndGlobalSection
	GlobalSection(ExtensibilityGlobals) = postSolution
		SolutionGuid = {83BC3576-B823-43D4-BBE8-C31126591E63}
	EndGlobalSection
EndGlobal
